{
  "requires": true,
  "lockfileVersion": 1,
  "dependencies": {
    "@mediapipe/camera_utils": {
      "version": "0.3.1632432234",
      "resolved": "https://registry.npmjs.org/@mediapipe/camera_utils/-/camera_utils-0.3.1632432234.tgz",
      "integrity": "sha512-uGWOSd/1dNUka5/KkDs37pjYoHhFwUtQwQL/zhkQxZHAgYS8oCcz9vupa3pHthUzHDqzTw4XqB7teuoVRO+8/A=="
    },
    "@mediapipe/control_utils": {
      "version": "0.6.1629159505",
      "resolved": "https://registry.npmjs.org/@mediapipe/control_utils/-/control_utils-0.6.1629159505.tgz",
      "integrity": "sha512-n8ZfgwZlv3EDiF2bsz81+74qWqbu5JSukxRRVuJqkqxO1CsfQGFj8XI2Cxj0UlsnO1vzNelZiWV1tP3of47z7g=="
    },
    "@mediapipe/drawing_utils": {
      "version": "0.3.1620248257",
      "resolved": "https://registry.npmjs.org/@mediapipe/drawing_utils/-/drawing_utils-0.3.1620248257.tgz",
      "integrity": "sha512-s598oo1K6C62mX3rWXJ7n1RJFdXjyQn3f6CeI+lU6kD69MVyBcV3hdmO5LnEZlCw5NRDANtaM8WAOuqZHaldLg=="
    },
    "@mediapipe/hands": {
      "version": "0.4.1635986972",
      "resolved": "https://registry.npmjs.org/@mediapipe/hands/-/hands-0.4.1635986972.tgz",
      "integrity": "sha512-xVsoT7beiY9glBAHtcEBkfYO1eDMMzmU0U3wOYEy+sphu5y4Lx4Eg9k1qR+IsYYr1CDx+hYQH3YMVXm9D68+8Q=="
    },
    "three": {
      "version": "0.135.0",
      "resolved": "https://registry.npmjs.org/three/-/three-0.135.0.tgz",
      "integrity": "sha512-kuEpuuxRzLv0MDsXai9huCxOSQPZ4vje6y0gn80SRmQvgz6/+rI0NAvCRAw56zYaWKMGMfqKWsxF9Qa2Z9xymQ=="
    }
  }
}
